
Microsoft Visual Studio Solution File, Format Version 12.00
# Visual Studio Version 17
VisualStudioVersion = 17.7.34202.233
MinimumVisualStudioVersion = 10.0.40219.1
Project("{FAE04EC0-301F-11D3-BF4B-00C04F79EFBC}") = "OOP_LR4_Galimov", "OOP_LR4_Galimov.csproj", "{28216966-B00F-446B-ACA4-42849026C2D4}"
EndProject
Global
	GlobalSection(SolutionConfigurationPlatforms) = preSolution
		Debug|Any CPU = Debug|Any CPU
		Release|Any CPU = Release|Any CPU
	EndGlobalSection
	GlobalSection(ProjectConfigurationPlatforms) = postSolution
		{28216966-B00F-446B-ACA4-42849026C2D4}.Debug|Any CPU.ActiveCfg = Debug|Any CPU
		{28216966-B00F-446B-ACA4-42849026C2D4}.Debug|Any CPU.Build.0 = Debug|Any CPU
		{28216966-B00F-446B-ACA4-42849026C2D4}.Release|Any CPU.ActiveCfg = Release|Any CPU
		{28216966-B00F-446B-ACA4-42849026C2D4}.Release|Any CPU.Build.0 = Release|Any CPU
	EndGlobalSection
	GlobalSection(SolutionProperties) = preSolution
		HideSolutionNode = FALSE
	EndGlobalSection
	GlobalSection(ExtensibilityGlobals) = postSolution
		SolutionGuid = {E86084C2-66E9-4552-B91D-FD0A70702822}
	EndGlobalSection
EndGlobal
